
Microsoft Visual Studio Solution File, Format Version 12.00
# Visual Studio Version 17
VisualStudioVersion = 17.8.34309.116
MinimumVisualStudioVersion = 10.0.40219.1
Project("{FAE04EC0-301F-11D3-BF4B-00C04F79EFBC}") = "StudyHub.API", "StudyHub.API\StudyHub.API.csproj", "{2F5EE1CA-7C97-46BA-801E-C5323F83FF10}"
EndProject
Project("{2150E333-8FDC-42A3-9474-1A3956D46DE8}") = "Shared", "Shared", "{D6E95867-373F-4753-AA84-EA83E10F24BC}"
EndProject
Project("{FAE04EC0-301F-11D3-BF4B-00C04F79EFBC}") = "StudyHub.Models", "StudyHub.Models\StudyHub.Models.csproj", "{A6EECB65-EF52-4267-91D7-92B1CAD9FFCB}"
EndProject
Global
	GlobalSection(SolutionConfigurationPlatforms) = preSolution
		Debug|Any CPU = Debug|Any CPU
		Release|Any CPU = Release|Any CPU
	EndGlobalSection
	GlobalSection(ProjectConfigurationPlatforms) = postSolution
		{2F5EE1CA-7C97-46BA-801E-C5323F83FF10}.Debug|Any CPU.ActiveCfg = Debug|Any CPU
		{2F5EE1CA-7C97-46BA-801E-C5323F83FF10}.Debug|Any CPU.Build.0 = Debug|Any CPU
		{2F5EE1CA-7C97-46BA-801E-C5323F83FF10}.Release|Any CPU.ActiveCfg = Release|Any CPU
		{2F5EE1CA-7C97-46BA-801E-C5323F83FF10}.Release|Any CPU.Build.0 = Release|Any CPU
		{A6EECB65-EF52-4267-91D7-92B1CAD9FFCB}.Debug|Any CPU.ActiveCfg = Debug|Any CPU
		{A6EECB65-EF52-4267-91D7-92B1CAD9FFCB}.Debug|Any CPU.Build.0 = Debug|Any CPU
		{A6EECB65-EF52-4267-91D7-92B1CAD9FFCB}.Release|Any CPU.ActiveCfg = Release|Any CPU
		{A6EECB65-EF52-4267-91D7-92B1CAD9FFCB}.Release|Any CPU.Build.0 = Release|Any CPU
	EndGlobalSection
	GlobalSection(SolutionProperties) = preSolution
		HideSolutionNode = FALSE
	EndGlobalSection
	GlobalSection(NestedProjects) = preSolution
		{A6EECB65-EF52-4267-91D7-92B1CAD9FFCB} = {D6E95867-373F-4753-AA84-EA83E10F24BC}
	EndGlobalSection
	GlobalSection(ExtensibilityGlobals) = postSolution
		SolutionGuid = {4A5ED9C2-AA3F-4560-86B7-A7D701DFCD18}
	EndGlobalSection
EndGlobal
